// !$*UTF8*$!
{
	archiveVersion = 1;
	classes = {
	};
	objectVersion = 46;
	objects = {

/* Begin PBXBuildFile section */
		A22F49E61D2DDFD400D15B67 /* SJEnterViewController.m in Sources */ = {isa = PBXBuildFile; fileRef = A22F49E51D2DDFD400D15B67 /* SJEnterViewController.m */; };
		A22F49EF1D2DE27800D15B67 /* SJEnterButton.m in Sources */ = {isa = PBXBuildFile; fileRef = A22F49EE1D2DE27800D15B67 /* SJEnterButton.m */; };
		A25DC84F1D2CC8A2003521D7 /* main.m in Sources */ = {isa = PBXBuildFile; fileRef = A25DC84E1D2CC8A2003521D7 /* main.m */; };
		A25DC8521D2CC8A2003521D7 /* AppDelegate.m in Sources */ = {isa = PBXBuildFile; fileRef = A25DC8511D2CC8A2003521D7 /* AppDelegate.m */; };
		A25DC8551D2CC8A2003521D7 /* ViewController.m in Sources */ = {isa = PBXBuildFile; fileRef = A25DC8541D2CC8A2003521D7 /* ViewController.m */; };
		A25DC85A1D2CC8A2003521D7 /* Assets.xcassets in Resources */ = {isa = PBXBuildFile; fileRef = A25DC8591D2CC8A2003521D7 /* Assets.xcassets */; };
		A25DC85D1D2CC8A2003521D7 /* LaunchScreen.storyboard in Resources */ = {isa = PBXBuildFile; fileRef = A25DC85B1D2CC8A2003521D7 /* LaunchScreen.storyboard */; };
		A26442541D2DE4C700DBE309 /* MainTabBarController.m in Sources */ = {isa = PBXBuildFile; fileRef = A26442531D2DE4C700DBE309 /* MainTabBarController.m */; };
		A26442571D2DE52A00DBE309 /* SJNavigationController.m in Sources */ = {isa = PBXBuildFile; fileRef = A26442561D2DE52A00DBE309 /* SJNavigationController.m */; };
		A264425A1D2DE65500DBE309 /* SJFoundStoreViewController.m in Sources */ = {isa = PBXBuildFile; fileRef = A26442591D2DE65500DBE309 /* SJFoundStoreViewController.m */; };
		A264425D1D2DE67F00DBE309 /* SJExperienceViewController.m in Sources */ = {isa = PBXBuildFile; fileRef = A264425C1D2DE67F00DBE309 /* SJExperienceViewController.m */; };
		A26442601D2DE6AC00DBE309 /* SJClassifViewController.m in Sources */ = {isa = PBXBuildFile; fileRef = A264425F1D2DE6AC00DBE309 /* SJClassifViewController.m */; };
		A264426A1D2DE86C00DBE309 /* SJWriteViewController.m in Sources */ = {isa = PBXBuildFile; fileRef = A26442691D2DE86C00DBE309 /* SJWriteViewController.m */; };
		A26442701D2DF01E00DBE309 /* SJMineViewController.m in Sources */ = {isa = PBXBuildFile; fileRef = A264426F1D2DF01E00DBE309 /* SJMineViewController.m */; };
		A26442731D2DF47D00DBE309 /* UIImage+Image.m in Sources */ = {isa = PBXBuildFile; fileRef = A26442721D2DF47D00DBE309 /* UIImage+Image.m */; };
		A26442761D2DFA9700DBE309 /* SJCenterTitleBtn.m in Sources */ = {isa = PBXBuildFile; fileRef = A26442751D2DFA9700DBE309 /* SJCenterTitleBtn.m */; };
		A26442791D2E1F6E00DBE309 /* BeautySkyViewController.m in Sources */ = {isa = PBXBuildFile; fileRef = A26442781D2E1F6E00DBE309 /* BeautySkyViewController.m */; };
		A264427C1D2E1FC000DBE309 /* BeautyEditViewController.m in Sources */ = {isa = PBXBuildFile; fileRef = A264427B1D2E1FC000DBE309 /* BeautyEditViewController.m */; };
		A26442811D2E456200DBE309 /* SJBasicViewController.m in Sources */ = {isa = PBXBuildFile; fileRef = A26442801D2E456200DBE309 /* SJBasicViewController.m */; };
		A26442851D2E580D00DBE309 /* SJChooseCityViewController.m in Sources */ = {isa = PBXBuildFile; fileRef = A26442841D2E580D00DBE309 /* SJChooseCityViewController.m */; };
		A26442881D2EAAC400DBE309 /* CityHeadCollectionReusableView.m in Sources */ = {isa = PBXBuildFile; fileRef = A26442871D2EAAC400DBE309 /* CityHeadCollectionReusableView.m */; };
		A2E68CF01D2D501100171E38 /* UIView+Frame.m in Sources */ = {isa = PBXBuildFile; fileRef = A2E68CEF1D2D501100171E38 /* UIView+Frame.m */; };
/* End PBXBuildFile section */

/* Begin PBXFileReference section */
		A22F49E41D2DDFD400D15B67 /* SJEnterViewController.h */ = {isa = PBXFileReference; fileEncoding = 4; lastKnownFileType = sourcecode.c.h; path = SJEnterViewController.h; sourceTree = "<group>"; };
		A22F49E51D2DDFD400D15B67 /* SJEnterViewController.m */ = {isa = PBXFileReference; fileEncoding = 4; lastKnownFileType = sourcecode.c.objc; path = SJEnterViewController.m; sourceTree = "<group>"; };
		A22F49ED1D2DE27800D15B67 /* SJEnterButton.h */ = {isa = PBXFileReference; fileEncoding = 4; lastKnownFileType = sourcecode.c.h; path = SJEnterButton.h; sourceTree = "<group>"; };
		A22F49EE1D2DE27800D15B67 /* SJEnterButton.m */ = {isa = PBXFileReference; fileEncoding = 4; lastKnownFileType = sourcecode.c.objc; path = SJEnterButton.m; sourceTree = "<group>"; };
		A25DC84A1D2CC8A1003521D7 /* SmallDay.app */ = {isa = PBXFileReference; explicitFileType = wrapper.application; includeInIndex = 0; path = SmallDay.app; sourceTree = BUILT_PRODUCTS_DIR; };
		A25DC84E1D2CC8A2003521D7 /* main.m */ = {isa = PBXFileReference; lastKnownFileType = sourcecode.c.objc; path = main.m; sourceTree = "<group>"; };
		A25DC8501D2CC8A2003521D7 /* AppDelegate.h */ = {isa = PBXFileReference; lastKnownFileType = sourcecode.c.h; path = AppDelegate.h; sourceTree = "<group>"; };
		A25DC8511D2CC8A2003521D7 /* AppDelegate.m */ = {isa = PBXFileReference; lastKnownFileType = sourcecode.c.objc; path = AppDelegate.m; sourceTree = "<group>"; };
		A25DC8531D2CC8A2003521D7 /* ViewController.h */ = {isa = PBXFileReference; lastKnownFileType = sourcecode.c.h; path = ViewController.h; sourceTree = "<group>"; };
		A25DC8541D2CC8A2003521D7 /* ViewController.m */ = {isa = PBXFileReference; lastKnownFileType = sourcecode.c.objc; path = ViewController.m; sourceTree = "<group>"; };
		A25DC8591D2CC8A2003521D7 /* Assets.xcassets */ = {isa = PBXFileReference; lastKnownFileType = folder.assetcatalog; path = Assets.xcassets; sourceTree = "<group>"; };
		A25DC85C1D2CC8A2003521D7 /* Base */ = {isa = PBXFileReference; lastKnownFileType = file.storyboard; name = Base; path = Base.lproj/LaunchScreen.storyboard; sourceTree = "<group>"; };
		A25DC85E1D2CC8A2003521D7 /* Info.plist */ = {isa = PBXFileReference; lastKnownFileType = text.plist.xml; path = Info.plist; sourceTree = "<group>"; };
		A25DC8641D2CCB58003521D7 /* SmallDay.pch */ = {isa = PBXFileReference; lastKnownFileType = sourcecode.c.h; name = SmallDay.pch; path = ../../SmallDay.pch; sourceTree = "<group>"; };
		A26442521D2DE4C700DBE309 /* MainTabBarController.h */ = {isa = PBXFileReference; fileEncoding = 4; lastKnownFileType = sourcecode.c.h; path = MainTabBarController.h; sourceTree = "<group>"; };
		A26442531D2DE4C700DBE309 /* MainTabBarController.m */ = {isa = PBXFileReference; fileEncoding = 4; lastKnownFileType = sourcecode.c.objc; path = MainTabBarController.m; sourceTree = "<group>"; };
		A26442551D2DE52A00DBE309 /* SJNavigationController.h */ = {isa = PBXFileReference; fileEncoding = 4; lastKnownFileType = sourcecode.c.h; path = SJNavigationController.h; sourceTree = "<group>"; };
		A26442561D2DE52A00DBE309 /* SJNavigationController.m */ = {isa = PBXFileReference; fileEncoding = 4; lastKnownFileType = sourcecode.c.objc; path = SJNavigationController.m; sourceTree = "<group>"; };
		A26442581D2DE65500DBE309 /* SJFoundStoreViewController.h */ = {isa = PBXFileReference; fileEncoding = 4; lastKnownFileType = sourcecode.c.h; path = SJFoundStoreViewController.h; sourceTree = "<group>"; };
		A26442591D2DE65500DBE309 /* SJFoundStoreViewController.m */ = {isa = PBXFileReference; fileEncoding = 4; lastKnownFileType = sourcecode.c.objc; path = SJFoundStoreViewController.m; sourceTree = "<group>"; };
		A264425B1D2DE67F00DBE309 /* SJExperienceViewController.h */ = {isa = PBXFileReference; fileEncoding = 4; lastKnownFileType = sourcecode.c.h; path = SJExperienceViewController.h; sourceTree = "<group>"; };
		A264425C1D2DE67F00DBE309 /* SJExperienceViewController.m */ = {isa = PBXFileReference; fileEncoding = 4; lastKnownFileType = sourcecode.c.objc; path = SJExperienceViewController.m; sourceTree = "<group>"; };
		A264425E1D2DE6AC00DBE309 /* SJClassifViewController.h */ = {isa = PBXFileReference; fileEncoding = 4; lastKnownFileType = sourcecode.c.h; path = SJClassifViewController.h; sourceTree = "<group>"; };
		A264425F1D2DE6AC00DBE309 /* SJClassifViewController.m */ = {isa = PBXFileReference; fileEncoding = 4; lastKnownFileType = sourcecode.c.objc; path = SJClassifViewController.m; sourceTree = "<group>"; };
		A26442681D2DE86C00DBE309 /* SJWriteViewController.h */ = {isa = PBXFileReference; fileEncoding = 4; lastKnownFileType = sourcecode.c.h; path = SJWriteViewController.h; sourceTree = "<group>"; };
		A26442691D2DE86C00DBE309 /* SJWriteViewController.m */ = {isa = PBXFileReference; fileEncoding = 4; lastKnownFileType = sourcecode.c.objc; path = SJWriteViewController.m; sourceTree = "<group>"; };
		A264426E1D2DF01E00DBE309 /* SJMineViewController.h */ = {isa = PBXFileReference; fileEncoding = 4; lastKnownFileType = sourcecode.c.h; path = SJMineViewController.h; sourceTree = "<group>"; };
		A264426F1D2DF01E00DBE309 /* SJMineViewController.m */ = {isa = PBXFileReference; fileEncoding = 4; lastKnownFileType = sourcecode.c.objc; path = SJMineViewController.m; sourceTree = "<group>"; };
		A26442711D2DF47D00DBE309 /* UIImage+Image.h */ = {isa = PBXFileReference; fileEncoding = 4; lastKnownFileType = sourcecode.c.h; path = "UIImage+Image.h"; sourceTree = "<group>"; };
		A26442721D2DF47D00DBE309 /* UIImage+Image.m */ = {isa = PBXFileReference; fileEncoding = 4; lastKnownFileType = sourcecode.c.objc; path = "UIImage+Image.m"; sourceTree = "<group>"; };
		A26442741D2DFA9700DBE309 /* SJCenterTitleBtn.h */ = {isa = PBXFileReference; fileEncoding = 4; lastKnownFileType = sourcecode.c.h; path = SJCenterTitleBtn.h; sourceTree = "<group>"; };
		A26442751D2DFA9700DBE309 /* SJCenterTitleBtn.m */ = {isa = PBXFileReference; fileEncoding = 4; lastKnownFileType = sourcecode.c.objc; path = SJCenterTitleBtn.m; sourceTree = "<group>"; };
		A26442771D2E1F6E00DBE309 /* BeautySkyViewController.h */ = {isa = PBXFileReference; fileEncoding = 4; lastKnownFileType = sourcecode.c.h; name = BeautySkyViewController.h; path = ../BeautySkyViewController.h; sourceTree = "<group>"; };
		A26442781D2E1F6E00DBE309 /* BeautySkyViewController.m */ = {isa = PBXFileReference; fileEncoding = 4; lastKnownFileType = sourcecode.c.objc; name = BeautySkyViewController.m; path = ../BeautySkyViewController.m; sourceTree = "<group>"; };
		A264427A1D2E1FC000DBE309 /* BeautyEditViewController.h */ = {isa = PBXFileReference; fileEncoding = 4; lastKnownFileType = sourcecode.c.h; name = BeautyEditViewController.h; path = ../BeautyEditViewController.h; sourceTree = "<group>"; };
		A264427B1D2E1FC000DBE309 /* BeautyEditViewController.m */ = {isa = PBXFileReference; fileEncoding = 4; lastKnownFileType = sourcecode.c.objc; name = BeautyEditViewController.m; path = ../BeautyEditViewController.m; sourceTree = "<group>"; };
		A264427F1D2E456200DBE309 /* SJBasicViewController.h */ = {isa = PBXFileReference; fileEncoding = 4; lastKnownFileType = sourcecode.c.h; path = SJBasicViewController.h; sourceTree = "<group>"; };
		A26442801D2E456200DBE309 /* SJBasicViewController.m */ = {isa = PBXFileReference; fileEncoding = 4; lastKnownFileType = sourcecode.c.objc; path = SJBasicViewController.m; sourceTree = "<group>"; };
		A26442831D2E580D00DBE309 /* SJChooseCityViewController.h */ = {isa = PBXFileReference; fileEncoding = 4; lastKnownFileType = sourcecode.c.h; path = SJChooseCityViewController.h; sourceTree = "<group>"; };
		A26442841D2E580D00DBE309 /* SJChooseCityViewController.m */ = {isa = PBXFileReference; fileEncoding = 4; lastKnownFileType = sourcecode.c.objc; path = SJChooseCityViewController.m; sourceTree = "<group>"; };
		A26442861D2EAAC400DBE309 /* CityHeadCollectionReusableView.h */ = {isa = PBXFileReference; fileEncoding = 4; lastKnownFileType = sourcecode.c.h; name = CityHeadCollectionReusableView.h; path = ../CityHeadCollectionReusableView.h; sourceTree = "<group>"; };
		A26442871D2EAAC400DBE309 /* CityHeadCollectionReusableView.m */ = {isa = PBXFileReference; fileEncoding = 4; lastKnownFileType = sourcecode.c.objc; name = CityHeadCollectionReusableView.m; path = ../CityHeadCollectionReusableView.m; sourceTree = "<group>"; };
		A2E68CEE1D2D501100171E38 /* UIView+Frame.h */ = {isa = PBXFileReference; fileEncoding = 4; lastKnownFileType = sourcecode.c.h; path = "UIView+Frame.h"; sourceTree = "<group>"; };
		A2E68CEF1D2D501100171E38 /* UIView+Frame.m */ = {isa = PBXFileReference; fileEncoding = 4; lastKnownFileType = sourcecode.c.objc; path = "UIView+Frame.m"; sourceTree = "<group>"; };
/* End PBXFileReference section */

/* Begin PBXFrameworksBuildPhase section */
		A25DC8471D2CC8A1003521D7 /* Frameworks */ = {
			isa = PBXFrameworksBuildPhase;
			buildActionMask = 2147483647;
			files = (
			);
			runOnlyForDeploymentPostprocessing = 0;
		};
/* End PBXFrameworksBuildPhase section */

/* Begin PBXGroup section */
		A22F49C11D2DDFA200D15B67 /* Classify(分类) */ = {
			isa = PBXGroup;
			children = (
				A22F49C21D2DDFA200D15B67 /* Controller */,
				A22F49C31D2DDFA200D15B67 /* Modle */,
				A22F49C41D2DDFA200D15B67 /* View */,
			);
			path = "Classify(分类)";
			sourceTree = "<group>";
		};
		A22F49C21D2DDFA200D15B67 /* Controller */ = {
			isa = PBXGroup;
			children = (
				A264425E1D2DE6AC00DBE309 /* SJClassifViewController.h */,
				A264425F1D2DE6AC00DBE309 /* SJClassifViewController.m */,
			);
			path = Controller;
			sourceTree = "<group>";
		};
		A22F49C31D2DDFA200D15B67 /* Modle */ = {
			isa = PBXGroup;
			children = (
			);
			path = Modle;
			sourceTree = "<group>";
		};
		A22F49C41D2DDFA200D15B67 /* View */ = {
			isa = PBXGroup;
			children = (
			);
			path = View;
			sourceTree = "<group>";
		};
		A22F49C71D2DDFA200D15B67 /* Enter(进入界面) */ = {
			isa = PBXGroup;
			children = (
				A22F49C81D2DDFA200D15B67 /* Controller */,
				A22F49C91D2DDFA200D15B67 /* Modle */,
				A22F49CA1D2DDFA200D15B67 /* View */,
			);
			path = "Enter(进入界面)";
			sourceTree = "<group>";
		};
		A22F49C81D2DDFA200D15B67 /* Controller */ = {
			isa = PBXGroup;
			children = (
				A22F49E41D2DDFD400D15B67 /* SJEnterViewController.h */,
				A22F49E51D2DDFD400D15B67 /* SJEnterViewController.m */,
			);
			path = Controller;
			sourceTree = "<group>";
		};
		A22F49C91D2DDFA200D15B67 /* Modle */ = {
			isa = PBXGroup;
			children = (
			);
			path = Modle;
			sourceTree = "<group>";
		};
		A22F49CA1D2DDFA200D15B67 /* View */ = {
			isa = PBXGroup;
			children = (
				A22F49ED1D2DE27800D15B67 /* SJEnterButton.h */,
				A22F49EE1D2DE27800D15B67 /* SJEnterButton.m */,
			);
			path = View;
			sourceTree = "<group>";
		};
		A22F49CD1D2DDFA200D15B67 /* Experience(体验) */ = {
			isa = PBXGroup;
			children = (
				A22F49CE1D2DDFA200D15B67 /* Controller */,
				A22F49CF1D2DDFA200D15B67 /* Modle */,
				A22F49D01D2DDFA200D15B67 /* View */,
			);
			path = "Experience(体验)";
			sourceTree = "<group>";
		};
		A22F49CE1D2DDFA200D15B67 /* Controller */ = {
			isa = PBXGroup;
			children = (
				A264425B1D2DE67F00DBE309 /* SJExperienceViewController.h */,
				A264425C1D2DE67F00DBE309 /* SJExperienceViewController.m */,
			);
			path = Controller;
			sourceTree = "<group>";
		};
		A22F49CF1D2DDFA200D15B67 /* Modle */ = {
			isa = PBXGroup;
			children = (
			);
			path = Modle;
			sourceTree = "<group>";
		};
		A22F49D01D2DDFA200D15B67 /* View */ = {
			isa = PBXGroup;
			children = (
			);
			path = View;
			sourceTree = "<group>";
		};
		A22F49D31D2DDFA200D15B67 /* FoundStore(探店) */ = {
			isa = PBXGroup;
			children = (
				A22F49D41D2DDFA200D15B67 /* Controller */,
				A22F49D51D2DDFA200D15B67 /* Modle */,
				A22F49D61D2DDFA200D15B67 /* View */,
			);
			path = "FoundStore(探店)";
			sourceTree = "<group>";
		};
		A22F49D41D2DDFA200D15B67 /* Controller */ = {
			isa = PBXGroup;
			children = (
				A26442821D2E578600DBE309 /* childViewController */,
				A26442581D2DE65500DBE309 /* SJFoundStoreViewController.h */,
				A26442591D2DE65500DBE309 /* SJFoundStoreViewController.m */,
				A26442831D2E580D00DBE309 /* SJChooseCityViewController.h */,
				A26442841D2E580D00DBE309 /* SJChooseCityViewController.m */,
			);
			path = Controller;
			sourceTree = "<group>";
		};
		A22F49D51D2DDFA200D15B67 /* Modle */ = {
			isa = PBXGroup;
			children = (
			);
			path = Modle;
			sourceTree = "<group>";
		};
		A22F49D61D2DDFA200D15B67 /* View */ = {
			isa = PBXGroup;
			children = (
				A26442891D2F307900DBE309 /* ChooseCity */,
			);
			path = View;
			sourceTree = "<group>";
		};
		A22F49D91D2DDFA200D15B67 /* Mine(我的) */ = {
			isa = PBXGroup;
			children = (
				A22F49DA1D2DDFA200D15B67 /* Controller */,
				A22F49DB1D2DDFA200D15B67 /* Modle */,
				A22F49DC1D2DDFA200D15B67 /* View */,
			);
			path = "Mine(我的)";
			sourceTree = "<group>";
		};
		A22F49DA1D2DDFA200D15B67 /* Controller */ = {
			isa = PBXGroup;
			children = (
				A264426E1D2DF01E00DBE309 /* SJMineViewController.h */,
				A264426F1D2DF01E00DBE309 /* SJMineViewController.m */,
			);
			path = Controller;
			sourceTree = "<group>";
		};
		A22F49DB1D2DDFA200D15B67 /* Modle */ = {
			isa = PBXGroup;
			children = (
			);
			path = Modle;
			sourceTree = "<group>";
		};
		A22F49DC1D2DDFA200D15B67 /* View */ = {
			isa = PBXGroup;
			children = (
			);
			path = View;
			sourceTree = "<group>";
		};
		A25DC8411D2CC8A1003521D7 = {
			isa = PBXGroup;
			children = (
				A25DC84C1D2CC8A1003521D7 /* SmallDay */,
				A25DC84B1D2CC8A1003521D7 /* Products */,
			);
			sourceTree = "<group>";
		};
		A25DC84B1D2CC8A1003521D7 /* Products */ = {
			isa = PBXGroup;
			children = (
				A25DC84A1D2CC8A1003521D7 /* SmallDay.app */,
			);
			name = Products;
			sourceTree = "<group>";
		};
		A25DC84C1D2CC8A1003521D7 /* SmallDay */ = {
			isa = PBXGroup;
			children = (
				A25DC8651D2CCD76003521D7 /* Classes */,
				A25DC8501D2CC8A2003521D7 /* AppDelegate.h */,
				A25DC8511D2CC8A2003521D7 /* AppDelegate.m */,
				A25DC8531D2CC8A2003521D7 /* ViewController.h */,
				A25DC8541D2CC8A2003521D7 /* ViewController.m */,
				A25DC8591D2CC8A2003521D7 /* Assets.xcassets */,
				A25DC85B1D2CC8A2003521D7 /* LaunchScreen.storyboard */,
				A25DC85E1D2CC8A2003521D7 /* Info.plist */,
				A25DC84D1D2CC8A2003521D7 /* Supporting Files */,
			);
			path = SmallDay;
			sourceTree = "<group>";
		};
		A25DC84D1D2CC8A2003521D7 /* Supporting Files */ = {
			isa = PBXGroup;
			children = (
				A25DC84E1D2CC8A2003521D7 /* main.m */,
			);
			name = "Supporting Files";
			sourceTree = "<group>";
		};
		A25DC8651D2CCD76003521D7 /* Classes */ = {
			isa = PBXGroup;
			children = (
				A264427D1D2E452500DBE309 /* Basic */,
				A25DC86C1D2CCD76003521D7 /* Tool(业务工具类) */,
				A22F49C71D2DDFA200D15B67 /* Enter(进入界面) */,
				A22F49D31D2DDFA200D15B67 /* FoundStore(探店) */,
				A22F49CD1D2DDFA200D15B67 /* Experience(体验) */,
				A26442641D2DE82700DBE309 /* Write(中间按钮) */,
				A22F49C11D2DDFA200D15B67 /* Classify(分类) */,
				A22F49D91D2DDFA200D15B67 /* Mine(我的) */,
				A25DC8661D2CCD76003521D7 /* Main */,
				A25DC86A1D2CCD76003521D7 /* Other */,
			);
			path = Classes;
			sourceTree = "<group>";
		};
		A25DC8661D2CCD76003521D7 /* Main */ = {
			isa = PBXGroup;
			children = (
				A25DC8671D2CCD76003521D7 /* Controller */,
				A25DC8681D2CCD76003521D7 /* Modle */,
				A25DC8691D2CCD76003521D7 /* View */,
			);
			path = Main;
			sourceTree = "<group>";
		};
		A25DC8671D2CCD76003521D7 /* Controller */ = {
			isa = PBXGroup;
			children = (
				A26442521D2DE4C700DBE309 /* MainTabBarController.h */,
				A26442531D2DE4C700DBE309 /* MainTabBarController.m */,
				A26442551D2DE52A00DBE309 /* SJNavigationController.h */,
				A26442561D2DE52A00DBE309 /* SJNavigationController.m */,
			);
			path = Controller;
			sourceTree = "<group>";
		};
		A25DC8681D2CCD76003521D7 /* Modle */ = {
			isa = PBXGroup;
			children = (
			);
			path = Modle;
			sourceTree = "<group>";
		};
		A25DC8691D2CCD76003521D7 /* View */ = {
			isa = PBXGroup;
			children = (
			);
			path = View;
			sourceTree = "<group>";
		};
		A25DC86A1D2CCD76003521D7 /* Other */ = {
			isa = PBXGroup;
			children = (
				A25DC8641D2CCB58003521D7 /* SmallDay.pch */,
				A25DC86B1D2CCD76003521D7 /* Category */,
			);
			path = Other;
			sourceTree = "<group>";
		};
		A25DC86B1D2CCD76003521D7 /* Category */ = {
			isa = PBXGroup;
			children = (
				A2E68CEE1D2D501100171E38 /* UIView+Frame.h */,
				A2E68CEF1D2D501100171E38 /* UIView+Frame.m */,
				A26442711D2DF47D00DBE309 /* UIImage+Image.h */,
				A26442721D2DF47D00DBE309 /* UIImage+Image.m */,
			);
			path = Category;
			sourceTree = "<group>";
		};
		A25DC86C1D2CCD76003521D7 /* Tool(业务工具类) */ = {
			isa = PBXGroup;
			children = (
			);
			path = "Tool(业务工具类)";
			sourceTree = "<group>";
		};
		A26442641D2DE82700DBE309 /* Write(中间按钮) */ = {
			isa = PBXGroup;
			children = (
				A26442651D2DE82700DBE309 /* Controller */,
				A26442661D2DE82700DBE309 /* Modle */,
				A26442671D2DE82700DBE309 /* View */,
			);
			name = "Write(中间按钮)";
			path = "Write(中间界面)";
			sourceTree = "<group>";
		};
		A26442651D2DE82700DBE309 /* Controller */ = {
			isa = PBXGroup;
			children = (
				A26442681D2DE86C00DBE309 /* SJWriteViewController.h */,
				A26442691D2DE86C00DBE309 /* SJWriteViewController.m */,
			);
			path = Controller;
			sourceTree = "<group>";
		};
		A26442661D2DE82700DBE309 /* Modle */ = {
			isa = PBXGroup;
			children = (
			);
			path = Modle;
			sourceTree = "<group>";
		};
		A26442671D2DE82700DBE309 /* View */ = {
			isa = PBXGroup;
			children = (
				A26442741D2DFA9700DBE309 /* SJCenterTitleBtn.h */,
				A26442751D2DFA9700DBE309 /* SJCenterTitleBtn.m */,
			);
			path = View;
			sourceTree = "<group>";
		};
		A264427D1D2E452500DBE309 /* Basic */ = {
			isa = PBXGroup;
			children = (
				A264427E1D2E452500DBE309 /* Controller */,
			);
			path = Basic;
			sourceTree = "<group>";
		};
		A264427E1D2E452500DBE309 /* Controller */ = {
			isa = PBXGroup;
			children = (
				A264427F1D2E456200DBE309 /* SJBasicViewController.h */,
				A26442801D2E456200DBE309 /* SJBasicViewController.m */,
			);
			path = Controller;
			sourceTree = "<group>";
		};
		A26442821D2E578600DBE309 /* childViewController */ = {
			isa = PBXGroup;
			children = (
				A26442771D2E1F6E00DBE309 /* BeautySkyViewController.h */,
				A26442781D2E1F6E00DBE309 /* BeautySkyViewController.m */,
				A264427A1D2E1FC000DBE309 /* BeautyEditViewController.h */,
				A264427B1D2E1FC000DBE309 /* BeautyEditViewController.m */,
			);
			path = childViewController;
			sourceTree = "<group>";
		};
		A26442891D2F307900DBE309 /* ChooseCity */ = {
			isa = PBXGroup;
			children = (
				A26442861D2EAAC400DBE309 /* CityHeadCollectionReusableView.h */,
				A26442871D2EAAC400DBE309 /* CityHeadCollectionReusableView.m */,
			);
			path = ChooseCity;
			sourceTree = "<group>";
		};
/* End PBXGroup section */

/* Begin PBXNativeTarget section */
		A25DC8491D2CC8A1003521D7 /* SmallDay */ = {
			isa = PBXNativeTarget;
			buildConfigurationList = A25DC8611D2CC8A2003521D7 /* Build configuration list for PBXNativeTarget "SmallDay" */;
			buildPhases = (
				A25DC8461D2CC8A1003521D7 /* Sources */,
				A25DC8471D2CC8A1003521D7 /* Frameworks */,
				A25DC8481D2CC8A1003521D7 /* Resources */,
			);
			buildRules = (
			);
			dependencies = (
			);
			name = SmallDay;
			productName = SmallDay;
			productReference = A25DC84A1D2CC8A1003521D7 /* SmallDay.app */;
			productType = "com.apple.product-type.application";
		};
/* End PBXNativeTarget section */

/* Begin PBXProject section */
		A25DC8421D2CC8A1003521D7 /* Project object */ = {
			isa = PBXProject;
			attributes = {
				CLASSPREFIX = SJ;
				LastUpgradeCheck = 0730;
				ORGANIZATIONNAME = Vision;
				TargetAttributes = {
					A25DC8491D2CC8A1003521D7 = {
						CreatedOnToolsVersion = 7.3;
						DevelopmentTeam = 5XVT4C3PF9;
					};
				};
			};
			buildConfigurationList = A25DC8451D2CC8A1003521D7 /* Build configuration list for PBXProject "SmallDay" */;
			compatibilityVersion = "Xcode 3.2";
			developmentRegion = English;
			hasScannedForEncodings = 0;
			knownRegions = (
				en,
				Base,
			);
			mainGroup = A25DC8411D2CC8A1003521D7;
			productRefGroup = A25DC84B1D2CC8A1003521D7 /* Products */;
			projectDirPath = "";
			projectRoot = "";
			targets = (
				A25DC8491D2CC8A1003521D7 /* SmallDay */,
			);
		};
/* End PBXProject section */

/* Begin PBXResourcesBuildPhase section */
		A25DC8481D2CC8A1003521D7 /* Resources */ = {
			isa = PBXResourcesBuildPhase;
			buildActionMask = 2147483647;
			files = (
				A25DC85D1D2CC8A2003521D7 /* LaunchScreen.storyboard in Resources */,
				A25DC85A1D2CC8A2003521D7 /* Assets.xcassets in Resources */,
			);
			runOnlyForDeploymentPostprocessing = 0;
		};
/* End PBXResourcesBuildPhase section */

/* Begin PBXSourcesBuildPhase section */
		A25DC8461D2CC8A1003521D7 /* Sources */ = {
			isa = PBXSourcesBuildPhase;
			buildActionMask = 2147483647;
			files = (
				A25DC8551D2CC8A2003521D7 /* ViewController.m in Sources */,
				A22F49E61D2DDFD400D15B67 /* SJEnterViewController.m in Sources */,
				A2E68CF01D2D501100171E38 /* UIView+Frame.m in Sources */,
				A26442601D2DE6AC00DBE309 /* SJClassifViewController.m in Sources */,
				A26442791D2E1F6E00DBE309 /* BeautySkyViewController.m in Sources */,
				A25DC8521D2CC8A2003521D7 /* AppDelegate.m in Sources */,
				A26442811D2E456200DBE309 /* SJBasicViewController.m in Sources */,
				A26442571D2DE52A00DBE309 /* SJNavigationController.m in Sources */,
				A26442881D2EAAC400DBE309 /* CityHeadCollectionReusableView.m in Sources */,
				A264425D1D2DE67F00DBE309 /* SJExperienceViewController.m in Sources */,
				A25DC84F1D2CC8A2003521D7 /* main.m in Sources */,
				A26442541D2DE4C700DBE309 /* MainTabBarController.m in Sources */,
				A22F49EF1D2DE27800D15B67 /* SJEnterButton.m in Sources */,
				A264425A1D2DE65500DBE309 /* SJFoundStoreViewController.m in Sources */,
				A26442731D2DF47D00DBE309 /* UIImage+Image.m in Sources */,
				A26442761D2DFA9700DBE309 /* SJCenterTitleBtn.m in Sources */,
				A26442701D2DF01E00DBE309 /* SJMineViewController.m in Sources */,
				A264427C1D2E1FC000DBE309 /* BeautyEditViewController.m in Sources */,
				A26442851D2E580D00DBE309 /* SJChooseCityViewController.m in Sources */,
				A264426A1D2DE86C00DBE309 /* SJWriteViewController.m in Sources */,
			);
			runOnlyForDeploymentPostprocessing = 0;
		};
/* End PBXSourcesBuildPhase section */

/* Begin PBXVariantGroup section */
		A25DC85B1D2CC8A2003521D7 /* LaunchScreen.storyboard */ = {
			isa = PBXVariantGroup;
			children = (
				A25DC85C1D2CC8A2003521D7 /* Base */,
			);
			name = LaunchScreen.storyboard;
			sourceTree = "<group>";
		};
/* End PBXVariantGroup section */

/* Begin XCBuildConfiguration section */
		A25DC85F1D2CC8A2003521D7 /* Debug */ = {
			isa = XCBuildConfiguration;
			buildSettings = {
				ALWAYS_SEARCH_USER_PATHS = NO;
				CLANG_ANALYZER_NONNULL = YES;
				CLANG_CXX_LANGUAGE_STANDARD = "gnu++0x";
				CLANG_CXX_LIBRARY = "libc++";
				CLANG_ENABLE_MODULES = YES;
				CLANG_ENABLE_OBJC_ARC = YES;
				CLANG_WARN_BOOL_CONVERSION = YES;
				CLANG_WARN_CONSTANT_CONVERSION = YES;
				CLANG_WARN_DIRECT_OBJC_ISA_USAGE = YES_ERROR;
				CLANG_WARN_EMPTY_BODY = YES;
				CLANG_WARN_ENUM_CONVERSION = YES;
				CLANG_WARN_INT_CONVERSION = YES;
				CLANG_WARN_OBJC_ROOT_CLASS = YES_ERROR;
				CLANG_WARN_UNREACHABLE_CODE = YES;
				CLANG_WARN__DUPLICATE_METHOD_MATCH = YES;
				"CODE_SIGN_IDENTITY[sdk=iphoneos*]" = "iPhone Developer";
				COPY_PHASE_STRIP = NO;
				DEBUG_INFORMATION_FORMAT = dwarf;
				ENABLE_STRICT_OBJC_MSGSEND = YES;
				ENABLE_TESTABILITY = YES;
				GCC_C_LANGUAGE_STANDARD = gnu99;
				GCC_DYNAMIC_NO_PIC = NO;
				GCC_NO_COMMON_BLOCKS = YES;
				GCC_OPTIMIZATION_LEVEL = 0;
				GCC_PREPROCESSOR_DEFINITIONS = (
					"DEBUG=1",
					"$(inherited)",
				);
				GCC_WARN_64_TO_32_BIT_CONVERSION = YES;
				GCC_WARN_ABOUT_RETURN_TYPE = YES_ERROR;
				GCC_WARN_UNDECLARED_SELECTOR = YES;
				GCC_WARN_UNINITIALIZED_AUTOS = YES_AGGRESSIVE;
				GCC_WARN_UNUSED_FUNCTION = YES;
				GCC_WARN_UNUSED_VARIABLE = YES;
				IPHONEOS_DEPLOYMENT_TARGET = 9.3;
				MTL_ENABLE_DEBUG_INFO = YES;
				ONLY_ACTIVE_ARCH = YES;
				SDKROOT = iphoneos;
			};
			name = Debug;
		};
		A25DC8601D2CC8A2003521D7 /* Release */ = {
			isa = XCBuildConfiguration;
			buildSettings = {
				ALWAYS_SEARCH_USER_PATHS = NO;
				CLANG_ANALYZER_NONNULL = YES;
				CLANG_CXX_LANGUAGE_STANDARD = "gnu++0x";
				CLANG_CXX_LIBRARY = "libc++";
				CLANG_ENABLE_MODULES = YES;
				CLANG_ENABLE_OBJC_ARC = YES;
				CLANG_WARN_BOOL_CONVERSION = YES;
				CLANG_WARN_CONSTANT_CONVERSION = YES;
				CLANG_WARN_DIRECT_OBJC_ISA_USAGE = YES_ERROR;
				CLANG_WARN_EMPTY_BODY = YES;
				CLANG_WARN_ENUM_CONVERSION = YES;
				CLANG_WARN_INT_CONVERSION = YES;
				CLANG_WARN_OBJC_ROOT_CLASS = YES_ERROR;
				CLANG_WARN_UNREACHABLE_CODE = YES;
				CLANG_WARN__DUPLICATE_METHOD_MATCH = YES;
				"CODE_SIGN_IDENTITY[sdk=iphoneos*]" = "iPhone Developer";
				COPY_PHASE_STRIP = NO;
				DEBUG_INFORMATION_FORMAT = "dwarf-with-dsym";
				ENABLE_NS_ASSERTIONS = NO;
				ENABLE_STRICT_OBJC_MSGSEND = YES;
				GCC_C_LANGUAGE_STANDARD = gnu99;
				GCC_NO_COMMON_BLOCKS = YES;
				GCC_WARN_64_TO_32_BIT_CONVERSION = YES;
				GCC_WARN_ABOUT_RETURN_TYPE = YES_ERROR;
				GCC_WARN_UNDECLARED_SELECTOR = YES;
				GCC_WARN_UNINITIALIZED_AUTOS = YES_AGGRESSIVE;
				GCC_WARN_UNUSED_FUNCTION = YES;
				GCC_WARN_UNUSED_VARIABLE = YES;
				IPHONEOS_DEPLOYMENT_TARGET = 9.3;
				MTL_ENABLE_DEBUG_INFO = NO;
				SDKROOT = iphoneos;
				VALIDATE_PRODUCT = YES;
			};
			name = Release;
		};
		A25DC8621D2CC8A2003521D7 /* Debug */ = {
			isa = XCBuildConfiguration;
			buildSettings = {
				ASSETCATALOG_COMPILER_APPICON_NAME = AppIcon;
				ASSETCATALOG_COMPILER_LAUNCHIMAGE_NAME = "Brand Assets";
				GCC_PRECOMPILE_PREFIX_HEADER = YES;
				GCC_PREFIX_HEADER = SmallDay/SmallDay.pch;
				INFOPLIST_FILE = SmallDay/Info.plist;
				IPHONEOS_DEPLOYMENT_TARGET = 8.0;
				LD_RUNPATH_SEARCH_PATHS = "$(inherited) @executable_path/Frameworks";
				PRODUCT_BUNDLE_IDENTIFIER = com.mobgoing.Twork.SmallDay;
				PRODUCT_NAME = "$(TARGET_NAME)";
			};
			name = Debug;
		};
		A25DC8631D2CC8A2003521D7 /* Release */ = {
			isa = XCBuildConfiguration;
			buildSettings = {
				ASSETCATALOG_COMPILER_APPICON_NAME = AppIcon;
				ASSETCATALOG_COMPILER_LAUNCHIMAGE_NAME = "Brand Assets";
				GCC_PRECOMPILE_PREFIX_HEADER = YES;
				GCC_PREFIX_HEADER = SmallDay/SmallDay.pch;
				INFOPLIST_FILE = SmallDay/Info.plist;
				IPHONEOS_DEPLOYMENT_TARGET = 8.0;
				LD_RUNPATH_SEARCH_PATHS = "$(inherited) @executable_path/Frameworks";
				PRODUCT_BUNDLE_IDENTIFIER = com.mobgoing.Twork.SmallDay;
				PRODUCT_NAME = "$(TARGET_NAME)";
			};
			name = Release;
		};
/* End XCBuildConfiguration section */

/* Begin XCConfigurationList section */
		A25DC8451D2CC8A1003521D7 /* Build configuration list for PBXProject "SmallDay" */ = {
			isa = XCConfigurationList;
			buildConfigurations = (
				A25DC85F1D2CC8A2003521D7 /* Debug */,
				A25DC8601D2CC8A2003521D7 /* Release */,
			);
			defaultConfigurationIsVisible = 0;
			defaultConfigurationName = Release;
		};
		A25DC8611D2CC8A2003521D7 /* Build configuration list for PBXNativeTarget "SmallDay" */ = {
			isa = XCConfigurationList;
			buildConfigurations = (
				A25DC8621D2CC8A2003521D7 /* Debug */,
				A25DC8631D2CC8A2003521D7 /* Release */,
			);
			defaultConfigurationIsVisible = 0;
			defaultConfigurationName = Release;
		};
/* End XCConfigurationList section */
	};
	rootObject = A25DC8421D2CC8A1003521D7 /* Project object */;
}
